
Microsoft Visual Studio Solution File, Format Version 12.00
# Visual Studio Version 16
VisualStudioVersion = 16.0.31424.327
MinimumVisualStudioVersion = 10.0.40219.1
Project("{FAE04EC0-301F-11D3-BF4B-00C04F79EFBC}") = "InitialProject", "InitialProject\InitialProject.csproj", "{BE4C58DB-B85B-4857-9077-35BEAF8EC56E}"
EndProject
Global
	GlobalSection(SolutionConfigurationPlatforms) = preSolution
		Debug|Any CPU = Debug|Any CPU
		Release|Any CPU = Release|Any CPU
	EndGlobalSection
	GlobalSection(ProjectConfigurationPlatforms) = postSolution
		{BE4C58DB-B85B-4857-9077-35BEAF8EC56E}.Debug|Any CPU.ActiveCfg = Debug|Any CPU
		{BE4C58DB-B85B-4857-9077-35BEAF8EC56E}.Debug|Any CPU.Build.0 = Debug|Any CPU
		{BE4C58DB-B85B-4857-9077-35BEAF8EC56E}.Release|Any CPU.ActiveCfg = Release|Any CPU
		{BE4C58DB-B85B-4857-9077-35BEAF8EC56E}.Release|Any CPU.Build.0 = Release|Any CPU
	EndGlobalSection
	GlobalSection(SolutionProperties) = preSolution
		HideSolutionNode = FALSE
	EndGlobalSection
	GlobalSection(ExtensibilityGlobals) = postSolution
		SolutionGuid = {C229A079-FB4A-40CE-BFC7-985918BEA5B5}
	EndGlobalSection
EndGlobal
