
Microsoft Visual Studio Solution File, Format Version 12.00
# Visual Studio Version 16
VisualStudioVersion = 16.0.31424.327
MinimumVisualStudioVersion = 10.0.40219.1
Project("{FAE04EC0-301F-11D3-BF4B-00C04F79EFBC}") = "Task021(Exeption)", "Task021(Exeption)\Task021(Exeption).csproj", "{292796A2-4645-4698-B616-2567A79EA451}"
EndProject
Global
	GlobalSection(SolutionConfigurationPlatforms) = preSolution
		Debug|Any CPU = Debug|Any CPU
		Release|Any CPU = Release|Any CPU
	EndGlobalSection
	GlobalSection(ProjectConfigurationPlatforms) = postSolution
		{292796A2-4645-4698-B616-2567A79EA451}.Debug|Any CPU.ActiveCfg = Debug|Any CPU
		{292796A2-4645-4698-B616-2567A79EA451}.Debug|Any CPU.Build.0 = Debug|Any CPU
		{292796A2-4645-4698-B616-2567A79EA451}.Release|Any CPU.ActiveCfg = Release|Any CPU
		{292796A2-4645-4698-B616-2567A79EA451}.Release|Any CPU.Build.0 = Release|Any CPU
	EndGlobalSection
	GlobalSection(SolutionProperties) = preSolution
		HideSolutionNode = FALSE
	EndGlobalSection
	GlobalSection(ExtensibilityGlobals) = postSolution
		SolutionGuid = {0649893E-2CF3-457E-9E01-150F7CF18944}
	EndGlobalSection
EndGlobal
