
Microsoft Visual Studio Solution File, Format Version 12.00
# Visual Studio Version 16
VisualStudioVersion = 16.0.31424.327
MinimumVisualStudioVersion = 10.0.40219.1
Project("{FAE04EC0-301F-11D3-BF4B-00C04F79EFBC}") = "Task09(Game in town)", "Task09(Game in town)\Task09(Game in town).csproj", "{2D59EDF2-F757-438B-8CEB-99C26CD2186F}"
EndProject
Global
	GlobalSection(SolutionConfigurationPlatforms) = preSolution
		Debug|Any CPU = Debug|Any CPU
		Release|Any CPU = Release|Any CPU
	EndGlobalSection
	GlobalSection(ProjectConfigurationPlatforms) = postSolution
		{2D59EDF2-F757-438B-8CEB-99C26CD2186F}.Debug|Any CPU.ActiveCfg = Debug|Any CPU
		{2D59EDF2-F757-438B-8CEB-99C26CD2186F}.Debug|Any CPU.Build.0 = Debug|Any CPU
		{2D59EDF2-F757-438B-8CEB-99C26CD2186F}.Release|Any CPU.ActiveCfg = Release|Any CPU
		{2D59EDF2-F757-438B-8CEB-99C26CD2186F}.Release|Any CPU.Build.0 = Release|Any CPU
	EndGlobalSection
	GlobalSection(SolutionProperties) = preSolution
		HideSolutionNode = FALSE
	EndGlobalSection
	GlobalSection(ExtensibilityGlobals) = postSolution
		SolutionGuid = {65269055-95B1-4374-9D68-EF3A01024A6E}
	EndGlobalSection
EndGlobal
